
Microsoft Visual Studio Solution File, Format Version 12.00
# Visual Studio Version 16
VisualStudioVersion = 16.0.29424.173
MinimumVisualStudioVersion = 10.0.40219.1
Project("{FAE04EC0-301F-11D3-BF4B-00C04F79EFBC}") = "WcfServiceHotel", "WcfServiceHotel.csproj", "{FC08ED19-4FAF-4E41-B8CF-46F7350F4D67}"
EndProject
Project("{FAE04EC0-301F-11D3-BF4B-00C04F79EFBC}") = "VistasAppHotel", "..\VistasAppHotel\VistasAppHotel.csproj", "{9FE163F1-85B6-4F4B-BE86-81EED3EF3F63}"
EndProject
Project("{FAE04EC0-301F-11D3-BF4B-00C04F79EFBC}") = "UnitTestHotel", "..\UnitTestHotel\UnitTestHotel.csproj", "{CDEE7D55-569F-45DC-AA38-36C36A6251A3}"
EndProject
Global
	GlobalSection(SolutionConfigurationPlatforms) = preSolution
		Debug|Any CPU = Debug|Any CPU
		Release|Any CPU = Release|Any CPU
	EndGlobalSection
	GlobalSection(ProjectConfigurationPlatforms) = postSolution
		{FC08ED19-4FAF-4E41-B8CF-46F7350F4D67}.Debug|Any CPU.ActiveCfg = Debug|Any CPU
		{FC08ED19-4FAF-4E41-B8CF-46F7350F4D67}.Debug|Any CPU.Build.0 = Debug|Any CPU
		{FC08ED19-4FAF-4E41-B8CF-46F7350F4D67}.Release|Any CPU.ActiveCfg = Release|Any CPU
		{FC08ED19-4FAF-4E41-B8CF-46F7350F4D67}.Release|Any CPU.Build.0 = Release|Any CPU
		{9FE163F1-85B6-4F4B-BE86-81EED3EF3F63}.Debug|Any CPU.ActiveCfg = Debug|Any CPU
		{9FE163F1-85B6-4F4B-BE86-81EED3EF3F63}.Debug|Any CPU.Build.0 = Debug|Any CPU
		{9FE163F1-85B6-4F4B-BE86-81EED3EF3F63}.Release|Any CPU.ActiveCfg = Release|Any CPU
		{9FE163F1-85B6-4F4B-BE86-81EED3EF3F63}.Release|Any CPU.Build.0 = Release|Any CPU
		{CDEE7D55-569F-45DC-AA38-36C36A6251A3}.Debug|Any CPU.ActiveCfg = Debug|Any CPU
		{CDEE7D55-569F-45DC-AA38-36C36A6251A3}.Debug|Any CPU.Build.0 = Debug|Any CPU
		{CDEE7D55-569F-45DC-AA38-36C36A6251A3}.Release|Any CPU.ActiveCfg = Release|Any CPU
		{CDEE7D55-569F-45DC-AA38-36C36A6251A3}.Release|Any CPU.Build.0 = Release|Any CPU
	EndGlobalSection
	GlobalSection(SolutionProperties) = preSolution
		HideSolutionNode = FALSE
	EndGlobalSection
	GlobalSection(ExtensibilityGlobals) = postSolution
		SolutionGuid = {152F018E-B5BF-4479-852E-DCC31350E90E}
	EndGlobalSection
EndGlobal
