
Microsoft Visual Studio Solution File, Format Version 12.00
# Visual Studio 15
VisualStudioVersion = 15.0.28307.902
MinimumVisualStudioVersion = 10.0.40219.1
Project("{FAE04EC0-301F-11D3-BF4B-00C04F79EFBC}") = "ServicesTestHotel", "ServicesTestHotel\ServicesTestHotel.csproj", "{376DD612-F861-4EC9-ABB0-6D24EE992389}"
	ProjectSection(ProjectDependencies) = postProject
		{0225E8BF-C998-4674-B9E7-4AC96F0D05DA} = {0225E8BF-C998-4674-B9E7-4AC96F0D05DA}
	EndProjectSection
EndProject
Project("{FAE04EC0-301F-11D3-BF4B-00C04F79EFBC}") = "ViewHotel", "ViewHotel\ViewHotel.csproj", "{AC66037C-D31F-4086-B56F-4784B3202E7E}"
	ProjectSection(ProjectDependencies) = postProject
		{0225E8BF-C998-4674-B9E7-4AC96F0D05DA} = {0225E8BF-C998-4674-B9E7-4AC96F0D05DA}
	EndProjectSection
EndProject
Project("{FAE04EC0-301F-11D3-BF4B-00C04F79EFBC}") = "ServiceHotel", "ServiceHotel\ServiceHotel.csproj", "{0225E8BF-C998-4674-B9E7-4AC96F0D05DA}"
EndProject
Global
	GlobalSection(SolutionConfigurationPlatforms) = preSolution
		Debug|Any CPU = Debug|Any CPU
		Release|Any CPU = Release|Any CPU
	EndGlobalSection
	GlobalSection(ProjectConfigurationPlatforms) = postSolution
		{376DD612-F861-4EC9-ABB0-6D24EE992389}.Debug|Any CPU.ActiveCfg = Debug|Any CPU
		{376DD612-F861-4EC9-ABB0-6D24EE992389}.Debug|Any CPU.Build.0 = Debug|Any CPU
		{376DD612-F861-4EC9-ABB0-6D24EE992389}.Release|Any CPU.ActiveCfg = Release|Any CPU
		{376DD612-F861-4EC9-ABB0-6D24EE992389}.Release|Any CPU.Build.0 = Release|Any CPU
		{AC66037C-D31F-4086-B56F-4784B3202E7E}.Debug|Any CPU.ActiveCfg = Debug|Any CPU
		{AC66037C-D31F-4086-B56F-4784B3202E7E}.Debug|Any CPU.Build.0 = Debug|Any CPU
		{AC66037C-D31F-4086-B56F-4784B3202E7E}.Release|Any CPU.ActiveCfg = Release|Any CPU
		{AC66037C-D31F-4086-B56F-4784B3202E7E}.Release|Any CPU.Build.0 = Release|Any CPU
		{0225E8BF-C998-4674-B9E7-4AC96F0D05DA}.Debug|Any CPU.ActiveCfg = Debug|Any CPU
		{0225E8BF-C998-4674-B9E7-4AC96F0D05DA}.Debug|Any CPU.Build.0 = Debug|Any CPU
		{0225E8BF-C998-4674-B9E7-4AC96F0D05DA}.Release|Any CPU.ActiveCfg = Release|Any CPU
		{0225E8BF-C998-4674-B9E7-4AC96F0D05DA}.Release|Any CPU.Build.0 = Release|Any CPU
	EndGlobalSection
	GlobalSection(SolutionProperties) = preSolution
		HideSolutionNode = FALSE
	EndGlobalSection
	GlobalSection(ExtensibilityGlobals) = postSolution
		SolutionGuid = {3E6ACDD6-DD87-46AC-91F7-E80547780A67}
	EndGlobalSection
EndGlobal
